
Microsoft Visual Studio Solution File, Format Version 12.00
# Visual Studio Version 16
VisualStudioVersion = 16.0.30717.126
MinimumVisualStudioVersion = 10.0.40219.1
Project("{F2A71F9B-5D33-465A-A702-920D77279786}") = "GuitarComposer", "GuitarComposer\GuitarComposer.fsproj", "{5B927BA1-0CC9-4D30-9FA0-84040B8E4CE6}"
EndProject
Project("{F2A71F9B-5D33-465A-A702-920D77279786}") = "LogicLayer", "LogicLayer\LogicLayer.fsproj", "{33303A9B-6874-4205-BA55-02476445E81E}"
EndProject
Project("{F2A71F9B-5D33-465A-A702-920D77279786}") = "Model", "Model\Model.fsproj", "{B100700A-94F0-4D70-9311-9A76ADF6E925}"
EndProject
Global
	GlobalSection(SolutionConfigurationPlatforms) = preSolution
		Debug|Any CPU = Debug|Any CPU
		Release|Any CPU = Release|Any CPU
	EndGlobalSection
	GlobalSection(ProjectConfigurationPlatforms) = postSolution
		{5B927BA1-0CC9-4D30-9FA0-84040B8E4CE6}.Debug|Any CPU.ActiveCfg = Debug|Any CPU
		{5B927BA1-0CC9-4D30-9FA0-84040B8E4CE6}.Debug|Any CPU.Build.0 = Debug|Any CPU
		{5B927BA1-0CC9-4D30-9FA0-84040B8E4CE6}.Release|Any CPU.ActiveCfg = Release|Any CPU
		{5B927BA1-0CC9-4D30-9FA0-84040B8E4CE6}.Release|Any CPU.Build.0 = Release|Any CPU
		{33303A9B-6874-4205-BA55-02476445E81E}.Debug|Any CPU.ActiveCfg = Debug|Any CPU
		{33303A9B-6874-4205-BA55-02476445E81E}.Debug|Any CPU.Build.0 = Debug|Any CPU
		{33303A9B-6874-4205-BA55-02476445E81E}.Release|Any CPU.ActiveCfg = Release|Any CPU
		{33303A9B-6874-4205-BA55-02476445E81E}.Release|Any CPU.Build.0 = Release|Any CPU
		{B100700A-94F0-4D70-9311-9A76ADF6E925}.Debug|Any CPU.ActiveCfg = Debug|Any CPU
		{B100700A-94F0-4D70-9311-9A76ADF6E925}.Debug|Any CPU.Build.0 = Debug|Any CPU
		{B100700A-94F0-4D70-9311-9A76ADF6E925}.Release|Any CPU.ActiveCfg = Release|Any CPU
		{B100700A-94F0-4D70-9311-9A76ADF6E925}.Release|Any CPU.Build.0 = Release|Any CPU
	EndGlobalSection
	GlobalSection(SolutionProperties) = preSolution
		HideSolutionNode = FALSE
	EndGlobalSection
	GlobalSection(ExtensibilityGlobals) = postSolution
		SolutionGuid = {61590E21-A578-42BB-BCED-55EB3580CEC9}
	EndGlobalSection
EndGlobal
